
Microsoft Visual Studio Solution File, Format Version 12.00
# Visual Studio Version 17
VisualStudioVersion = 17.12.35527.113
MinimumVisualStudioVersion = 10.0.40219.1
Project("{FAE04EC0-301F-11D3-BF4B-00C04F79EFBC}") = "ContainerShip", "ContainerShip\ContainerShip.csproj", "{86FE24EC-31D9-493F-9170-82939F157506}"
EndProject
Project("{FAE04EC0-301F-11D3-BF4B-00C04F79EFBC}") = "ContainerShip_tests", "ContainerShip_tests\ContainerShip_tests.csproj", "{6B2AA01E-3CE4-439F-8E96-76F98F411628}"
EndProject
Global
	GlobalSection(SolutionConfigurationPlatforms) = preSolution
		Debug|Any CPU = Debug|Any CPU
		Release|Any CPU = Release|Any CPU
	EndGlobalSection
	GlobalSection(ProjectConfigurationPlatforms) = postSolution
		{86FE24EC-31D9-493F-9170-82939F157506}.Debug|Any CPU.ActiveCfg = Debug|Any CPU
		{86FE24EC-31D9-493F-9170-82939F157506}.Debug|Any CPU.Build.0 = Debug|Any CPU
		{86FE24EC-31D9-493F-9170-82939F157506}.Release|Any CPU.ActiveCfg = Release|Any CPU
		{86FE24EC-31D9-493F-9170-82939F157506}.Release|Any CPU.Build.0 = Release|Any CPU
		{6B2AA01E-3CE4-439F-8E96-76F98F411628}.Debug|Any CPU.ActiveCfg = Debug|Any CPU
		{6B2AA01E-3CE4-439F-8E96-76F98F411628}.Debug|Any CPU.Build.0 = Debug|Any CPU
		{6B2AA01E-3CE4-439F-8E96-76F98F411628}.Release|Any CPU.ActiveCfg = Release|Any CPU
		{6B2AA01E-3CE4-439F-8E96-76F98F411628}.Release|Any CPU.Build.0 = Release|Any CPU
	EndGlobalSection
	GlobalSection(SolutionProperties) = preSolution
		HideSolutionNode = FALSE
	EndGlobalSection
EndGlobal
